
Microsoft Visual Studio Solution File, Format Version 12.00
# Visual Studio Version 16
VisualStudioVersion = 16.0.29926.136
MinimumVisualStudioVersion = 10.0.40219.1
Project("{9A19103F-16F7-4668-BE54-9A1E7A4F7556}") = "LqdOnlineHub", "LqdOnlineHub\LqdOnlineHub.csproj", "{279F43BB-8B5B-4612-AC02-4B914F1B63B1}"
EndProject
Project("{2150E333-8FDC-42A3-9474-1A3956D46DE8}") = "Solution Items", "Solution Items", "{F1827E93-EF6E-497D-8C89-D80665FDDFED}"
	ProjectSection(SolutionItems) = preProject
		readme.md = readme.md
	EndProjectSection
EndProject
Global
	GlobalSection(SolutionConfigurationPlatforms) = preSolution
		Debug|Any CPU = Debug|Any CPU
		Debug|x64 = Debug|x64
		Debug|x86 = Debug|x86
		Release|Any CPU = Release|Any CPU
		Release|x64 = Release|x64
		Release|x86 = Release|x86
	EndGlobalSection
	GlobalSection(ProjectConfigurationPlatforms) = postSolution
		{279F43BB-8B5B-4612-AC02-4B914F1B63B1}.Debug|Any CPU.ActiveCfg = Debug|Any CPU
		{279F43BB-8B5B-4612-AC02-4B914F1B63B1}.Debug|Any CPU.Build.0 = Debug|Any CPU
		{279F43BB-8B5B-4612-AC02-4B914F1B63B1}.Debug|x64.ActiveCfg = Debug|Any CPU
		{279F43BB-8B5B-4612-AC02-4B914F1B63B1}.Debug|x64.Build.0 = Debug|Any CPU
		{279F43BB-8B5B-4612-AC02-4B914F1B63B1}.Debug|x86.ActiveCfg = Debug|Any CPU
		{279F43BB-8B5B-4612-AC02-4B914F1B63B1}.Debug|x86.Build.0 = Debug|Any CPU
		{279F43BB-8B5B-4612-AC02-4B914F1B63B1}.Release|Any CPU.ActiveCfg = Release|Any CPU
		{279F43BB-8B5B-4612-AC02-4B914F1B63B1}.Release|Any CPU.Build.0 = Release|Any CPU
		{279F43BB-8B5B-4612-AC02-4B914F1B63B1}.Release|x64.ActiveCfg = Release|Any CPU
		{279F43BB-8B5B-4612-AC02-4B914F1B63B1}.Release|x64.Build.0 = Release|Any CPU
		{279F43BB-8B5B-4612-AC02-4B914F1B63B1}.Release|x86.ActiveCfg = Release|Any CPU
		{279F43BB-8B5B-4612-AC02-4B914F1B63B1}.Release|x86.Build.0 = Release|Any CPU
	EndGlobalSection
	GlobalSection(SolutionProperties) = preSolution
		HideSolutionNode = FALSE
	EndGlobalSection
	GlobalSection(ExtensibilityGlobals) = postSolution
		SolutionGuid = {091BC825-6614-4B2C-AF71-089E3386486B}
	EndGlobalSection
EndGlobal
